
Microsoft Visual Studio Solution File, Format Version 12.00
# Visual Studio 15
VisualStudioVersion = 15.0.27703.2035
MinimumVisualStudioVersion = 10.0.40219.1
Project("{FAE04EC0-301F-11D3-BF4B-00C04F79EFBC}") = "RetoZara", "RetoZara\RetoZara.csproj", "{7BD68BE2-E318-4F85-9E38-C1F6FD143A67}"
EndProject
Project("{2150E333-8FDC-42A3-9474-1A3956D46DE8}") = "Common", "Common", "{24329A84-C646-44FA-B505-3CFA063745B2}"
EndProject
Project("{2150E333-8FDC-42A3-9474-1A3956D46DE8}") = "Utils", "Utils", "{A5BB06D0-462E-4D1A-8D42-5DB41D0911FF}"
EndProject
Project("{FAE04EC0-301F-11D3-BF4B-00C04F79EFBC}") = "FileManager", "FileManager\FileManager.csproj", "{9BD7AEFE-F60E-4B00-ABB8-38B374493F7C}"
EndProject
Project("{2150E333-8FDC-42A3-9474-1A3956D46DE8}") = "Presentation", "Presentation", "{C9B8F56F-BDAF-4749-AC9F-F79FD78E08D1}"
EndProject
Project("{2150E333-8FDC-42A3-9474-1A3956D46DE8}") = "Infrastructure", "Infrastructure", "{B2ECF59D-09E2-4A31-B2F1-D66356D3523A}"
EndProject
Project("{FAE04EC0-301F-11D3-BF4B-00C04F79EFBC}") = "Quotation", "Quotation\Quotation.csproj", "{46DF3F5E-AACF-4292-BC08-9B7998E6C8DC}"
EndProject
Project("{2150E333-8FDC-42A3-9474-1A3956D46DE8}") = "Model", "Model", "{E5C115CC-7095-4C18-B698-7C654681C56F}"
EndProject
Project("{FAE04EC0-301F-11D3-BF4B-00C04F79EFBC}") = "DiaCotizacion", "DiaCotizacion\DiaCotizacion.csproj", "{BE5D70E0-7DD7-425F-8EFD-896EA474F8CE}"
EndProject
Global
	GlobalSection(SolutionConfigurationPlatforms) = preSolution
		Debug|Any CPU = Debug|Any CPU
		Release|Any CPU = Release|Any CPU
	EndGlobalSection
	GlobalSection(ProjectConfigurationPlatforms) = postSolution
		{7BD68BE2-E318-4F85-9E38-C1F6FD143A67}.Debug|Any CPU.ActiveCfg = Debug|Any CPU
		{7BD68BE2-E318-4F85-9E38-C1F6FD143A67}.Debug|Any CPU.Build.0 = Debug|Any CPU
		{7BD68BE2-E318-4F85-9E38-C1F6FD143A67}.Release|Any CPU.ActiveCfg = Release|Any CPU
		{7BD68BE2-E318-4F85-9E38-C1F6FD143A67}.Release|Any CPU.Build.0 = Release|Any CPU
		{9BD7AEFE-F60E-4B00-ABB8-38B374493F7C}.Debug|Any CPU.ActiveCfg = Debug|Any CPU
		{9BD7AEFE-F60E-4B00-ABB8-38B374493F7C}.Debug|Any CPU.Build.0 = Debug|Any CPU
		{9BD7AEFE-F60E-4B00-ABB8-38B374493F7C}.Release|Any CPU.ActiveCfg = Release|Any CPU
		{9BD7AEFE-F60E-4B00-ABB8-38B374493F7C}.Release|Any CPU.Build.0 = Release|Any CPU
		{46DF3F5E-AACF-4292-BC08-9B7998E6C8DC}.Debug|Any CPU.ActiveCfg = Debug|Any CPU
		{46DF3F5E-AACF-4292-BC08-9B7998E6C8DC}.Debug|Any CPU.Build.0 = Debug|Any CPU
		{46DF3F5E-AACF-4292-BC08-9B7998E6C8DC}.Release|Any CPU.ActiveCfg = Release|Any CPU
		{46DF3F5E-AACF-4292-BC08-9B7998E6C8DC}.Release|Any CPU.Build.0 = Release|Any CPU
		{BE5D70E0-7DD7-425F-8EFD-896EA474F8CE}.Debug|Any CPU.ActiveCfg = Debug|Any CPU
		{BE5D70E0-7DD7-425F-8EFD-896EA474F8CE}.Debug|Any CPU.Build.0 = Debug|Any CPU
		{BE5D70E0-7DD7-425F-8EFD-896EA474F8CE}.Release|Any CPU.ActiveCfg = Release|Any CPU
		{BE5D70E0-7DD7-425F-8EFD-896EA474F8CE}.Release|Any CPU.Build.0 = Release|Any CPU
	EndGlobalSection
	GlobalSection(SolutionProperties) = preSolution
		HideSolutionNode = FALSE
	EndGlobalSection
	GlobalSection(NestedProjects) = preSolution
		{7BD68BE2-E318-4F85-9E38-C1F6FD143A67} = {C9B8F56F-BDAF-4749-AC9F-F79FD78E08D1}
		{A5BB06D0-462E-4D1A-8D42-5DB41D0911FF} = {24329A84-C646-44FA-B505-3CFA063745B2}
		{9BD7AEFE-F60E-4B00-ABB8-38B374493F7C} = {A5BB06D0-462E-4D1A-8D42-5DB41D0911FF}
		{46DF3F5E-AACF-4292-BC08-9B7998E6C8DC} = {B2ECF59D-09E2-4A31-B2F1-D66356D3523A}
		{E5C115CC-7095-4C18-B698-7C654681C56F} = {24329A84-C646-44FA-B505-3CFA063745B2}
		{BE5D70E0-7DD7-425F-8EFD-896EA474F8CE} = {E5C115CC-7095-4C18-B698-7C654681C56F}
	EndGlobalSection
	GlobalSection(ExtensibilityGlobals) = postSolution
		SolutionGuid = {BDC4F7C1-48CD-4C13-8E9E-23F468F74338}
	EndGlobalSection
EndGlobal
